
Microsoft Visual Studio Solution File, Format Version 12.00
# Visual Studio Version 17
VisualStudioVersion = 17.5.33627.172
MinimumVisualStudioVersion = 10.0.40219.1
Project("{FAE04EC0-301F-11D3-BF4B-00C04F79EFBC}") = "XO Game", "XO Game\XO Game.csproj", "{568938FC-A1E4-4C39-88F3-E25D8D6EA3A2}"
EndProject
Global
	GlobalSection(SolutionConfigurationPlatforms) = preSolution
		Debug|Any CPU = Debug|Any CPU
		Release|Any CPU = Release|Any CPU
	EndGlobalSection
	GlobalSection(ProjectConfigurationPlatforms) = postSolution
		{568938FC-A1E4-4C39-88F3-E25D8D6EA3A2}.Debug|Any CPU.ActiveCfg = Debug|Any CPU
		{568938FC-A1E4-4C39-88F3-E25D8D6EA3A2}.Debug|Any CPU.Build.0 = Debug|Any CPU
		{568938FC-A1E4-4C39-88F3-E25D8D6EA3A2}.Release|Any CPU.ActiveCfg = Release|Any CPU
		{568938FC-A1E4-4C39-88F3-E25D8D6EA3A2}.Release|Any CPU.Build.0 = Release|Any CPU
	EndGlobalSection
	GlobalSection(SolutionProperties) = preSolution
		HideSolutionNode = FALSE
	EndGlobalSection
	GlobalSection(ExtensibilityGlobals) = postSolution
		SolutionGuid = {4C7678CB-8C68-4E57-B817-C418F66E92AB}
	EndGlobalSection
EndGlobal
